
Microsoft Visual Studio Solution File, Format Version 12.00
# Visual Studio Version 17
VisualStudioVersion = 17.8.34330.188
MinimumVisualStudioVersion = 10.0.40219.1
Project("{FAE04EC0-301F-11D3-BF4B-00C04F79EFBC}") = "SampleMicroservice.WebAPI", "SampleMicroservice.WebAPI\SampleMicroservice.WebAPI.csproj", "{BD276140-9358-4BFE-82AE-A11A13CB505C}"
EndProject
Project("{FAE04EC0-301F-11D3-BF4B-00C04F79EFBC}") = "SampleMicroservice.Worker", "SampleMicroservice.Worker\SampleMicroservice.Worker.csproj", "{05DCA56A-41DF-4E24-8523-7C621CF17EAF}"
EndProject
Global
	GlobalSection(SolutionConfigurationPlatforms) = preSolution
		Debug|Any CPU = Debug|Any CPU
		Release|Any CPU = Release|Any CPU
	EndGlobalSection
	GlobalSection(ProjectConfigurationPlatforms) = postSolution
		{BD276140-9358-4BFE-82AE-A11A13CB505C}.Debug|Any CPU.ActiveCfg = Debug|Any CPU
		{BD276140-9358-4BFE-82AE-A11A13CB505C}.Debug|Any CPU.Build.0 = Debug|Any CPU
		{BD276140-9358-4BFE-82AE-A11A13CB505C}.Release|Any CPU.ActiveCfg = Release|Any CPU
		{BD276140-9358-4BFE-82AE-A11A13CB505C}.Release|Any CPU.Build.0 = Release|Any CPU
		{05DCA56A-41DF-4E24-8523-7C621CF17EAF}.Debug|Any CPU.ActiveCfg = Debug|Any CPU
		{05DCA56A-41DF-4E24-8523-7C621CF17EAF}.Debug|Any CPU.Build.0 = Debug|Any CPU
		{05DCA56A-41DF-4E24-8523-7C621CF17EAF}.Release|Any CPU.ActiveCfg = Release|Any CPU
		{05DCA56A-41DF-4E24-8523-7C621CF17EAF}.Release|Any CPU.Build.0 = Release|Any CPU
	EndGlobalSection
	GlobalSection(SolutionProperties) = preSolution
		HideSolutionNode = FALSE
	EndGlobalSection
	GlobalSection(ExtensibilityGlobals) = postSolution
		SolutionGuid = {7071CFEB-BF49-44C0-A3A6-3D111D11424C}
	EndGlobalSection
EndGlobal
